
Microsoft Visual Studio Solution File, Format Version 12.00
# Visual Studio Version 17
VisualStudioVersion = 17.5.33414.496
MinimumVisualStudioVersion = 10.0.40219.1
Project("{FAE04EC0-301F-11D3-BF4B-00C04F79EFBC}") = "MyCRUD", "MyCRUD\MyCRUD.csproj", "{0AEFE4D1-4AC4-40DB-84C7-DBB832D6EF97}"
EndProject
Global
	GlobalSection(SolutionConfigurationPlatforms) = preSolution
		Debug|Any CPU = Debug|Any CPU
		Release|Any CPU = Release|Any CPU
	EndGlobalSection
	GlobalSection(ProjectConfigurationPlatforms) = postSolution
		{0AEFE4D1-4AC4-40DB-84C7-DBB832D6EF97}.Debug|Any CPU.ActiveCfg = Debug|Any CPU
		{0AEFE4D1-4AC4-40DB-84C7-DBB832D6EF97}.Debug|Any CPU.Build.0 = Debug|Any CPU
		{0AEFE4D1-4AC4-40DB-84C7-DBB832D6EF97}.Release|Any CPU.ActiveCfg = Release|Any CPU
		{0AEFE4D1-4AC4-40DB-84C7-DBB832D6EF97}.Release|Any CPU.Build.0 = Release|Any CPU
	EndGlobalSection
	GlobalSection(SolutionProperties) = preSolution
		HideSolutionNode = FALSE
	EndGlobalSection
	GlobalSection(ExtensibilityGlobals) = postSolution
		SolutionGuid = {7C92AAB3-B6B5-4335-B8CF-CC16E612ADE7}
	EndGlobalSection
EndGlobal
